// !$*UTF8*$!
{
	archiveVersion = 1;
	classes = {
	};
	objectVersion = 50;
	objects = {

/* Begin PBXBuildFile section */
		C65EC3A724EABDAB00D8C439 /* AppDelegate.swift in Sources */ = {isa = PBXBuildFile; fileRef = C65EC3A624EABDAB00D8C439 /* AppDelegate.swift */; };
		C65EC3AB24EABDAB00D8C439 /* ViewController.swift in Sources */ = {isa = PBXBuildFile; fileRef = C65EC3AA24EABDAB00D8C439 /* ViewController.swift */; };
		C65EC3B024EABDB000D8C439 /* Assets.xcassets in Resources */ = {isa = PBXBuildFile; fileRef = C65EC3AF24EABDB000D8C439 /* Assets.xcassets */; };
		C65EC3BE24EABDB100D8C439 /* HSBCCitiesTests.swift in Sources */ = {isa = PBXBuildFile; fileRef = C65EC3BD24EABDB100D8C439 /* HSBCCitiesTests.swift */; };
		C65EC3D624EAC11C00D8C439 /* Networking.framework in Frameworks */ = {isa = PBXBuildFile; fileRef = C65EC3CD24EAC11C00D8C439 /* Networking.framework */; };
		C65EC3DF24EAC11C00D8C439 /* Networking.h in Headers */ = {isa = PBXBuildFile; fileRef = C65EC3CF24EAC11C00D8C439 /* Networking.h */; settings = {ATTRIBUTES = (Public, ); }; };
		C65EC3E224EAC11C00D8C439 /* Networking.framework in Frameworks */ = {isa = PBXBuildFile; fileRef = C65EC3CD24EAC11C00D8C439 /* Networking.framework */; };
		C65EC3E324EAC11C00D8C439 /* Networking.framework in Embed Frameworks */ = {isa = PBXBuildFile; fileRef = C65EC3CD24EAC11C00D8C439 /* Networking.framework */; settings = {ATTRIBUTES = (CodeSignOnCopy, RemoveHeadersOnCopy, ); }; };
		C65EC3FB24EAC14B00D8C439 /* ParametersEncoding.swift in Sources */ = {isa = PBXBuildFile; fileRef = C65EC3EC24EAC14B00D8C439 /* ParametersEncoding.swift */; };
		C65EC3FC24EAC14B00D8C439 /* NetworkResponse.swift in Sources */ = {isa = PBXBuildFile; fileRef = C65EC3ED24EAC14B00D8C439 /* NetworkResponse.swift */; };
		C65EC3FD24EAC14B00D8C439 /* HTTPMethod.swift in Sources */ = {isa = PBXBuildFile; fileRef = C65EC3EE24EAC14B00D8C439 /* HTTPMethod.swift */; };
		C65EC3FE24EAC14B00D8C439 /* Task.swift in Sources */ = {isa = PBXBuildFile; fileRef = C65EC3EF24EAC14B00D8C439 /* Task.swift */; };
		C65EC3FF24EAC14B00D8C439 /* NetworkError.swift in Sources */ = {isa = PBXBuildFile; fileRef = C65EC3F024EAC14B00D8C439 /* NetworkError.swift */; };
		C65EC40024EAC14B00D8C439 /* ServiceProtocol.swift in Sources */ = {isa = PBXBuildFile; fileRef = C65EC3F224EAC14B00D8C439 /* ServiceProtocol.swift */; };
		C65EC40124EAC14B00D8C439 /* URLSessionProtocol.swift in Sources */ = {isa = PBXBuildFile; fileRef = C65EC3F324EAC14B00D8C439 /* URLSessionProtocol.swift */; };
		C65EC40224EAC14B00D8C439 /* ProviderProtocol.swift in Sources */ = {isa = PBXBuildFile; fileRef = C65EC3F424EAC14B00D8C439 /* ProviderProtocol.swift */; };
		C65EC40324EAC14B00D8C439 /* URLSessionDataTaskProtocol.swift in Sources */ = {isa = PBXBuildFile; fileRef = C65EC3F524EAC14B00D8C439 /* URLSessionDataTaskProtocol.swift */; };
		C65EC40424EAC14B00D8C439 /* URLSessionProvider.swift in Sources */ = {isa = PBXBuildFile; fileRef = C65EC3F724EAC14B00D8C439 /* URLSessionProvider.swift */; };
		C65EC40524EAC14B00D8C439 /* URLComponentsExtension.swift in Sources */ = {isa = PBXBuildFile; fileRef = C65EC3F924EAC14B00D8C439 /* URLComponentsExtension.swift */; };
		C65EC40624EAC14B00D8C439 /* URLRequestExtension.swift in Sources */ = {isa = PBXBuildFile; fileRef = C65EC3FA24EAC14B00D8C439 /* URLRequestExtension.swift */; };
		C65EC40C24EAC30200D8C439 /* FakeURLSessionDataTask.swift in Sources */ = {isa = PBXBuildFile; fileRef = C65EC40724EAC30200D8C439 /* FakeURLSessionDataTask.swift */; };
		C65EC40D24EAC30200D8C439 /* FakeURLSession.swift in Sources */ = {isa = PBXBuildFile; fileRef = C65EC40824EAC30200D8C439 /* FakeURLSession.swift */; };
		C65EC40E24EAC30200D8C439 /* FakeService.swift in Sources */ = {isa = PBXBuildFile; fileRef = C65EC40924EAC30200D8C439 /* FakeService.swift */; };
		C65EC40F24EAC30200D8C439 /* NetworkingTests.swift in Sources */ = {isa = PBXBuildFile; fileRef = C65EC40A24EAC30200D8C439 /* NetworkingTests.swift */; };
		C65EC41024EAC30200D8C439 /* MockCitiesResponse.swift in Sources */ = {isa = PBXBuildFile; fileRef = C65EC40B24EAC30200D8C439 /* MockCitiesResponse.swift */; };
		C65EC41A24EAC41D00D8C439 /* Coordinators.h in Headers */ = {isa = PBXBuildFile; fileRef = C65EC41824EAC41D00D8C439 /* Coordinators.h */; settings = {ATTRIBUTES = (Public, ); }; };
		C65EC41D24EAC41D00D8C439 /* Coordinators.framework in Frameworks */ = {isa = PBXBuildFile; fileRef = C65EC41624EAC41D00D8C439 /* Coordinators.framework */; };
		C65EC41E24EAC41D00D8C439 /* Coordinators.framework in Embed Frameworks */ = {isa = PBXBuildFile; fileRef = C65EC41624EAC41D00D8C439 /* Coordinators.framework */; settings = {ATTRIBUTES = (CodeSignOnCopy, RemoveHeadersOnCopy, ); }; };
		C65EC42724EAC44000D8C439 /* CoordinatorProtocol.swift in Sources */ = {isa = PBXBuildFile; fileRef = C65EC42224EAC44000D8C439 /* CoordinatorProtocol.swift */; };
		C65EC42824EAC44000D8C439 /* BootstrapCoordinator.swift in Sources */ = {isa = PBXBuildFile; fileRef = C65EC42324EAC44000D8C439 /* BootstrapCoordinator.swift */; };
		C65EC42924EAC44000D8C439 /* BaseCoordinator.swift in Sources */ = {isa = PBXBuildFile; fileRef = C65EC42424EAC44000D8C439 /* BaseCoordinator.swift */; };
		C65EC42A24EAC44000D8C439 /* ParentCoordinator.swift in Sources */ = {isa = PBXBuildFile; fileRef = C65EC42524EAC44000D8C439 /* ParentCoordinator.swift */; };
		C65EC42B24EAC44000D8C439 /* PresentationStyleEnum.swift in Sources */ = {isa = PBXBuildFile; fileRef = C65EC42624EAC44000D8C439 /* PresentationStyleEnum.swift */; };
		C65EC42D24EAC50F00D8C439 /* Default-568h@2x.png in Resources */ = {isa = PBXBuildFile; fileRef = C65EC42C24EAC50F00D8C439 /* Default-568h@2x.png */; };
/* End PBXBuildFile section */

/* Begin PBXContainerItemProxy section */
		C65EC3BA24EABDB100D8C439 /* PBXContainerItemProxy */ = {
			isa = PBXContainerItemProxy;
			containerPortal = C65EC39B24EABDAB00D8C439 /* Project object */;
			proxyType = 1;
			remoteGlobalIDString = C65EC3A224EABDAB00D8C439;
			remoteInfo = HSBCCities;
		};
		C65EC3D724EAC11C00D8C439 /* PBXContainerItemProxy */ = {
			isa = PBXContainerItemProxy;
			containerPortal = C65EC39B24EABDAB00D8C439 /* Project object */;
			proxyType = 1;
			remoteGlobalIDString = C65EC3CC24EAC11C00D8C439;
			remoteInfo = Networking;
		};
		C65EC3D924EAC11C00D8C439 /* PBXContainerItemProxy */ = {
			isa = PBXContainerItemProxy;
			containerPortal = C65EC39B24EABDAB00D8C439 /* Project object */;
			proxyType = 1;
			remoteGlobalIDString = C65EC3A224EABDAB00D8C439;
			remoteInfo = HSBCCities;
		};
		C65EC3E024EAC11C00D8C439 /* PBXContainerItemProxy */ = {
			isa = PBXContainerItemProxy;
			containerPortal = C65EC39B24EABDAB00D8C439 /* Project object */;
			proxyType = 1;
			remoteGlobalIDString = C65EC3CC24EAC11C00D8C439;
			remoteInfo = Networking;
		};
		C65EC41B24EAC41D00D8C439 /* PBXContainerItemProxy */ = {
			isa = PBXContainerItemProxy;
			containerPortal = C65EC39B24EABDAB00D8C439 /* Project object */;
			proxyType = 1;
			remoteGlobalIDString = C65EC41524EAC41D00D8C439;
			remoteInfo = Coordinators;
		};
/* End PBXContainerItemProxy section */

/* Begin PBXCopyFilesBuildPhase section */
		C65EC3E724EAC11C00D8C439 /* Embed Frameworks */ = {
			isa = PBXCopyFilesBuildPhase;
			buildActionMask = 2147483647;
			dstPath = "";
			dstSubfolderSpec = 10;
			files = (
				C65EC3E324EAC11C00D8C439 /* Networking.framework in Embed Frameworks */,
				C65EC41E24EAC41D00D8C439 /* Coordinators.framework in Embed Frameworks */,
			);
			name = "Embed Frameworks";
			runOnlyForDeploymentPostprocessing = 0;
		};
/* End PBXCopyFilesBuildPhase section */

/* Begin PBXFileReference section */
		C65EC3A324EABDAB00D8C439 /* HSBCCities.app */ = {isa = PBXFileReference; explicitFileType = wrapper.application; includeInIndex = 0; path = HSBCCities.app; sourceTree = BUILT_PRODUCTS_DIR; };
		C65EC3A624EABDAB00D8C439 /* AppDelegate.swift */ = {isa = PBXFileReference; lastKnownFileType = sourcecode.swift; path = AppDelegate.swift; sourceTree = "<group>"; };
		C65EC3AA24EABDAB00D8C439 /* ViewController.swift */ = {isa = PBXFileReference; lastKnownFileType = sourcecode.swift; path = ViewController.swift; sourceTree = "<group>"; };
		C65EC3AF24EABDB000D8C439 /* Assets.xcassets */ = {isa = PBXFileReference; lastKnownFileType = folder.assetcatalog; path = Assets.xcassets; sourceTree = "<group>"; };
		C65EC3B424EABDB000D8C439 /* Info.plist */ = {isa = PBXFileReference; lastKnownFileType = text.plist.xml; path = Info.plist; sourceTree = "<group>"; };
		C65EC3B924EABDB100D8C439 /* HSBCCitiesTests.xctest */ = {isa = PBXFileReference; explicitFileType = wrapper.cfbundle; includeInIndex = 0; path = HSBCCitiesTests.xctest; sourceTree = BUILT_PRODUCTS_DIR; };
		C65EC3BD24EABDB100D8C439 /* HSBCCitiesTests.swift */ = {isa = PBXFileReference; lastKnownFileType = sourcecode.swift; path = HSBCCitiesTests.swift; sourceTree = "<group>"; };
		C65EC3BF24EABDB100D8C439 /* Info.plist */ = {isa = PBXFileReference; lastKnownFileType = text.plist.xml; path = Info.plist; sourceTree = "<group>"; };
		C65EC3CD24EAC11C00D8C439 /* Networking.framework */ = {isa = PBXFileReference; explicitFileType = wrapper.framework; includeInIndex = 0; path = Networking.framework; sourceTree = BUILT_PRODUCTS_DIR; };
		C65EC3CF24EAC11C00D8C439 /* Networking.h */ = {isa = PBXFileReference; lastKnownFileType = sourcecode.c.h; path = Networking.h; sourceTree = "<group>"; };
		C65EC3D024EAC11C00D8C439 /* Info.plist */ = {isa = PBXFileReference; lastKnownFileType = text.plist.xml; path = Info.plist; sourceTree = "<group>"; };
		C65EC3D524EAC11C00D8C439 /* NetworkingTests.xctest */ = {isa = PBXFileReference; explicitFileType = wrapper.cfbundle; includeInIndex = 0; path = NetworkingTests.xctest; sourceTree = BUILT_PRODUCTS_DIR; };
		C65EC3DE24EAC11C00D8C439 /* Info.plist */ = {isa = PBXFileReference; lastKnownFileType = text.plist.xml; path = Info.plist; sourceTree = "<group>"; };
		C65EC3EC24EAC14B00D8C439 /* ParametersEncoding.swift */ = {isa = PBXFileReference; fileEncoding = 4; lastKnownFileType = sourcecode.swift; path = ParametersEncoding.swift; sourceTree = "<group>"; };
		C65EC3ED24EAC14B00D8C439 /* NetworkResponse.swift */ = {isa = PBXFileReference; fileEncoding = 4; lastKnownFileType = sourcecode.swift; path = NetworkResponse.swift; sourceTree = "<group>"; };
		C65EC3EE24EAC14B00D8C439 /* HTTPMethod.swift */ = {isa = PBXFileReference; fileEncoding = 4; lastKnownFileType = sourcecode.swift; path = HTTPMethod.swift; sourceTree = "<group>"; };
		C65EC3EF24EAC14B00D8C439 /* Task.swift */ = {isa = PBXFileReference; fileEncoding = 4; lastKnownFileType = sourcecode.swift; path = Task.swift; sourceTree = "<group>"; };
		C65EC3F024EAC14B00D8C439 /* NetworkError.swift */ = {isa = PBXFileReference; fileEncoding = 4; lastKnownFileType = sourcecode.swift; path = NetworkError.swift; sourceTree = "<group>"; };
		C65EC3F224EAC14B00D8C439 /* ServiceProtocol.swift */ = {isa = PBXFileReference; fileEncoding = 4; lastKnownFileType = sourcecode.swift; path = ServiceProtocol.swift; sourceTree = "<group>"; };
		C65EC3F324EAC14B00D8C439 /* URLSessionProtocol.swift */ = {isa = PBXFileReference; fileEncoding = 4; lastKnownFileType = sourcecode.swift; path = URLSessionProtocol.swift; sourceTree = "<group>"; };
		C65EC3F424EAC14B00D8C439 /* ProviderProtocol.swift */ = {isa = PBXFileReference; fileEncoding = 4; lastKnownFileType = sourcecode.swift; path = ProviderProtocol.swift; sourceTree = "<group>"; };
		C65EC3F524EAC14B00D8C439 /* URLSessionDataTaskProtocol.swift */ = {isa = PBXFileReference; fileEncoding = 4; lastKnownFileType = sourcecode.swift; path = URLSessionDataTaskProtocol.swift; sourceTree = "<group>"; };
		C65EC3F724EAC14B00D8C439 /* URLSessionProvider.swift */ = {isa = PBXFileReference; fileEncoding = 4; lastKnownFileType = sourcecode.swift; path = URLSessionProvider.swift; sourceTree = "<group>"; };
		C65EC3F924EAC14B00D8C439 /* URLComponentsExtension.swift */ = {isa = PBXFileReference; fileEncoding = 4; lastKnownFileType = sourcecode.swift; path = URLComponentsExtension.swift; sourceTree = "<group>"; };
		C65EC3FA24EAC14B00D8C439 /* URLRequestExtension.swift */ = {isa = PBXFileReference; fileEncoding = 4; lastKnownFileType = sourcecode.swift; path = URLRequestExtension.swift; sourceTree = "<group>"; };
		C65EC40724EAC30200D8C439 /* FakeURLSessionDataTask.swift */ = {isa = PBXFileReference; fileEncoding = 4; lastKnownFileType = sourcecode.swift; path = FakeURLSessionDataTask.swift; sourceTree = "<group>"; };
		C65EC40824EAC30200D8C439 /* FakeURLSession.swift */ = {isa = PBXFileReference; fileEncoding = 4; lastKnownFileType = sourcecode.swift; path = FakeURLSession.swift; sourceTree = "<group>"; };
		C65EC40924EAC30200D8C439 /* FakeService.swift */ = {isa = PBXFileReference; fileEncoding = 4; lastKnownFileType = sourcecode.swift; path = FakeService.swift; sourceTree = "<group>"; };
		C65EC40A24EAC30200D8C439 /* NetworkingTests.swift */ = {isa = PBXFileReference; fileEncoding = 4; lastKnownFileType = sourcecode.swift; name = NetworkingTests.swift; path = ../../../Cities/Cities/NetworkingTests/NetworkingTests.swift; sourceTree = "<group>"; };
		C65EC40B24EAC30200D8C439 /* MockCitiesResponse.swift */ = {isa = PBXFileReference; fileEncoding = 4; lastKnownFileType = sourcecode.swift; path = MockCitiesResponse.swift; sourceTree = "<group>"; };
		C65EC41624EAC41D00D8C439 /* Coordinators.framework */ = {isa = PBXFileReference; explicitFileType = wrapper.framework; includeInIndex = 0; path = Coordinators.framework; sourceTree = BUILT_PRODUCTS_DIR; };
		C65EC41824EAC41D00D8C439 /* Coordinators.h */ = {isa = PBXFileReference; lastKnownFileType = sourcecode.c.h; path = Coordinators.h; sourceTree = "<group>"; };
		C65EC41924EAC41D00D8C439 /* Info.plist */ = {isa = PBXFileReference; lastKnownFileType = text.plist.xml; path = Info.plist; sourceTree = "<group>"; };
		C65EC42224EAC44000D8C439 /* CoordinatorProtocol.swift */ = {isa = PBXFileReference; fileEncoding = 4; lastKnownFileType = sourcecode.swift; path = CoordinatorProtocol.swift; sourceTree = "<group>"; };
		C65EC42324EAC44000D8C439 /* BootstrapCoordinator.swift */ = {isa = PBXFileReference; fileEncoding = 4; lastKnownFileType = sourcecode.swift; path = BootstrapCoordinator.swift; sourceTree = "<group>"; };
		C65EC42424EAC44000D8C439 /* BaseCoordinator.swift */ = {isa = PBXFileReference; fileEncoding = 4; lastKnownFileType = sourcecode.swift; path = BaseCoordinator.swift; sourceTree = "<group>"; };
		C65EC42524EAC44000D8C439 /* ParentCoordinator.swift */ = {isa = PBXFileReference; fileEncoding = 4; lastKnownFileType = sourcecode.swift; path = ParentCoordinator.swift; sourceTree = "<group>"; };
		C65EC42624EAC44000D8C439 /* PresentationStyleEnum.swift */ = {isa = PBXFileReference; fileEncoding = 4; lastKnownFileType = sourcecode.swift; path = PresentationStyleEnum.swift; sourceTree = "<group>"; };
		C65EC42C24EAC50F00D8C439 /* Default-568h@2x.png */ = {isa = PBXFileReference; lastKnownFileType = image.png; path = "Default-568h@2x.png"; sourceTree = "<group>"; };
/* End PBXFileReference section */

/* Begin PBXFrameworksBuildPhase section */
		C65EC3A024EABDAB00D8C439 /* Frameworks */ = {
			isa = PBXFrameworksBuildPhase;
			buildActionMask = 2147483647;
			files = (
				C65EC3E224EAC11C00D8C439 /* Networking.framework in Frameworks */,
				C65EC41D24EAC41D00D8C439 /* Coordinators.framework in Frameworks */,
			);
			runOnlyForDeploymentPostprocessing = 0;
		};
		C65EC3B624EABDB100D8C439 /* Frameworks */ = {
			isa = PBXFrameworksBuildPhase;
			buildActionMask = 2147483647;
			files = (
			);
			runOnlyForDeploymentPostprocessing = 0;
		};
		C65EC3CA24EAC11C00D8C439 /* Frameworks */ = {
			isa = PBXFrameworksBuildPhase;
			buildActionMask = 2147483647;
			files = (
			);
			runOnlyForDeploymentPostprocessing = 0;
		};
		C65EC3D224EAC11C00D8C439 /* Frameworks */ = {
			isa = PBXFrameworksBuildPhase;
			buildActionMask = 2147483647;
			files = (
				C65EC3D624EAC11C00D8C439 /* Networking.framework in Frameworks */,
			);
			runOnlyForDeploymentPostprocessing = 0;
		};
		C65EC41324EAC41D00D8C439 /* Frameworks */ = {
			isa = PBXFrameworksBuildPhase;
			buildActionMask = 2147483647;
			files = (
			);
			runOnlyForDeploymentPostprocessing = 0;
		};
/* End PBXFrameworksBuildPhase section */

/* Begin PBXGroup section */
		C65EC39A24EABDAB00D8C439 = {
			isa = PBXGroup;
			children = (
				C65EC42C24EAC50F00D8C439 /* Default-568h@2x.png */,
				C65EC3A524EABDAB00D8C439 /* HSBCCities */,
				C65EC3BC24EABDB100D8C439 /* HSBCCitiesTests */,
				C65EC3CE24EAC11C00D8C439 /* Networking */,
				C65EC3DB24EAC11C00D8C439 /* NetworkingTests */,
				C65EC41724EAC41D00D8C439 /* Coordinators */,
				C65EC3A424EABDAB00D8C439 /* Products */,
			);
			sourceTree = "<group>";
		};
		C65EC3A424EABDAB00D8C439 /* Products */ = {
			isa = PBXGroup;
			children = (
				C65EC3A324EABDAB00D8C439 /* HSBCCities.app */,
				C65EC3B924EABDB100D8C439 /* HSBCCitiesTests.xctest */,
				C65EC3CD24EAC11C00D8C439 /* Networking.framework */,
				C65EC3D524EAC11C00D8C439 /* NetworkingTests.xctest */,
				C65EC41624EAC41D00D8C439 /* Coordinators.framework */,
			);
			name = Products;
			sourceTree = "<group>";
		};
		C65EC3A524EABDAB00D8C439 /* HSBCCities */ = {
			isa = PBXGroup;
			children = (
				C65EC3A624EABDAB00D8C439 /* AppDelegate.swift */,
				C65EC3AA24EABDAB00D8C439 /* ViewController.swift */,
				C65EC3AF24EABDB000D8C439 /* Assets.xcassets */,
				C65EC3B424EABDB000D8C439 /* Info.plist */,
			);
			path = HSBCCities;
			sourceTree = "<group>";
		};
		C65EC3BC24EABDB100D8C439 /* HSBCCitiesTests */ = {
			isa = PBXGroup;
			children = (
				C65EC3BD24EABDB100D8C439 /* HSBCCitiesTests.swift */,
				C65EC3BF24EABDB100D8C439 /* Info.plist */,
			);
			path = HSBCCitiesTests;
			sourceTree = "<group>";
		};
		C65EC3CE24EAC11C00D8C439 /* Networking */ = {
			isa = PBXGroup;
			children = (
				C65EC3EB24EAC14B00D8C439 /* Enums */,
				C65EC3F824EAC14B00D8C439 /* Extensions */,
				C65EC3F124EAC14B00D8C439 /* Protocols */,
				C65EC3F624EAC14B00D8C439 /* Provider */,
				C65EC3CF24EAC11C00D8C439 /* Networking.h */,
				C65EC3D024EAC11C00D8C439 /* Info.plist */,
			);
			path = Networking;
			sourceTree = "<group>";
		};
		C65EC3DB24EAC11C00D8C439 /* NetworkingTests */ = {
			isa = PBXGroup;
			children = (
				C65EC40B24EAC30200D8C439 /* MockCitiesResponse.swift */,
				C65EC40924EAC30200D8C439 /* FakeService.swift */,
				C65EC40824EAC30200D8C439 /* FakeURLSession.swift */,
				C65EC40724EAC30200D8C439 /* FakeURLSessionDataTask.swift */,
				C65EC40A24EAC30200D8C439 /* NetworkingTests.swift */,
				C65EC3DE24EAC11C00D8C439 /* Info.plist */,
			);
			path = NetworkingTests;
			sourceTree = "<group>";
		};
		C65EC3EB24EAC14B00D8C439 /* Enums */ = {
			isa = PBXGroup;
			children = (
				C65EC3EC24EAC14B00D8C439 /* ParametersEncoding.swift */,
				C65EC3ED24EAC14B00D8C439 /* NetworkResponse.swift */,
				C65EC3EE24EAC14B00D8C439 /* HTTPMethod.swift */,
				C65EC3EF24EAC14B00D8C439 /* Task.swift */,
				C65EC3F024EAC14B00D8C439 /* NetworkError.swift */,
			);
			path = Enums;
			sourceTree = "<group>";
		};
		C65EC3F124EAC14B00D8C439 /* Protocols */ = {
			isa = PBXGroup;
			children = (
				C65EC3F224EAC14B00D8C439 /* ServiceProtocol.swift */,
				C65EC3F324EAC14B00D8C439 /* URLSessionProtocol.swift */,
				C65EC3F424EAC14B00D8C439 /* ProviderProtocol.swift */,
				C65EC3F524EAC14B00D8C439 /* URLSessionDataTaskProtocol.swift */,
			);
			path = Protocols;
			sourceTree = "<group>";
		};
		C65EC3F624EAC14B00D8C439 /* Provider */ = {
			isa = PBXGroup;
			children = (
				C65EC3F724EAC14B00D8C439 /* URLSessionProvider.swift */,
			);
			path = Provider;
			sourceTree = "<group>";
		};
		C65EC3F824EAC14B00D8C439 /* Extensions */ = {
			isa = PBXGroup;
			children = (
				C65EC3F924EAC14B00D8C439 /* URLComponentsExtension.swift */,
				C65EC3FA24EAC14B00D8C439 /* URLRequestExtension.swift */,
			);
			path = Extensions;
			sourceTree = "<group>";
		};
		C65EC41724EAC41D00D8C439 /* Coordinators */ = {
			isa = PBXGroup;
			children = (
				C65EC42424EAC44000D8C439 /* BaseCoordinator.swift */,
				C65EC42324EAC44000D8C439 /* BootstrapCoordinator.swift */,
				C65EC42224EAC44000D8C439 /* CoordinatorProtocol.swift */,
				C65EC42524EAC44000D8C439 /* ParentCoordinator.swift */,
				C65EC42624EAC44000D8C439 /* PresentationStyleEnum.swift */,
				C65EC41824EAC41D00D8C439 /* Coordinators.h */,
				C65EC41924EAC41D00D8C439 /* Info.plist */,
			);
			path = Coordinators;
			sourceTree = "<group>";
		};
/* End PBXGroup section */

/* Begin PBXHeadersBuildPhase section */
		C65EC3C824EAC11C00D8C439 /* Headers */ = {
			isa = PBXHeadersBuildPhase;
			buildActionMask = 2147483647;
			files = (
				C65EC3DF24EAC11C00D8C439 /* Networking.h in Headers */,
			);
			runOnlyForDeploymentPostprocessing = 0;
		};
		C65EC41124EAC41D00D8C439 /* Headers */ = {
			isa = PBXHeadersBuildPhase;
			buildActionMask = 2147483647;
			files = (
				C65EC41A24EAC41D00D8C439 /* Coordinators.h in Headers */,
			);
			runOnlyForDeploymentPostprocessing = 0;
		};
/* End PBXHeadersBuildPhase section */

/* Begin PBXNativeTarget section */
		C65EC3A224EABDAB00D8C439 /* HSBCCities */ = {
			isa = PBXNativeTarget;
			buildConfigurationList = C65EC3C224EABDB100D8C439 /* Build configuration list for PBXNativeTarget "HSBCCities" */;
			buildPhases = (
				C65EC39F24EABDAB00D8C439 /* Sources */,
				C65EC3A024EABDAB00D8C439 /* Frameworks */,
				C65EC3A124EABDAB00D8C439 /* Resources */,
				C65EC3E724EAC11C00D8C439 /* Embed Frameworks */,
			);
			buildRules = (
			);
			dependencies = (
				C65EC3E124EAC11C00D8C439 /* PBXTargetDependency */,
				C65EC41C24EAC41D00D8C439 /* PBXTargetDependency */,
			);
			name = HSBCCities;
			productName = HSBCCities;
			productReference = C65EC3A324EABDAB00D8C439 /* HSBCCities.app */;
			productType = "com.apple.product-type.application";
		};
		C65EC3B824EABDB100D8C439 /* HSBCCitiesTests */ = {
			isa = PBXNativeTarget;
			buildConfigurationList = C65EC3C524EABDB100D8C439 /* Build configuration list for PBXNativeTarget "HSBCCitiesTests" */;
			buildPhases = (
				C65EC3B524EABDB100D8C439 /* Sources */,
				C65EC3B624EABDB100D8C439 /* Frameworks */,
				C65EC3B724EABDB100D8C439 /* Resources */,
			);
			buildRules = (
			);
			dependencies = (
				C65EC3BB24EABDB100D8C439 /* PBXTargetDependency */,
			);
			name = HSBCCitiesTests;
			productName = HSBCCitiesTests;
			productReference = C65EC3B924EABDB100D8C439 /* HSBCCitiesTests.xctest */;
			productType = "com.apple.product-type.bundle.unit-test";
		};
		C65EC3CC24EAC11C00D8C439 /* Networking */ = {
			isa = PBXNativeTarget;
			buildConfigurationList = C65EC3E424EAC11C00D8C439 /* Build configuration list for PBXNativeTarget "Networking" */;
			buildPhases = (
				C65EC3C824EAC11C00D8C439 /* Headers */,
				C65EC3C924EAC11C00D8C439 /* Sources */,
				C65EC3CA24EAC11C00D8C439 /* Frameworks */,
				C65EC3CB24EAC11C00D8C439 /* Resources */,
			);
			buildRules = (
			);
			dependencies = (
			);
			name = Networking;
			productName = Networking;
			productReference = C65EC3CD24EAC11C00D8C439 /* Networking.framework */;
			productType = "com.apple.product-type.framework";
		};
		C65EC3D424EAC11C00D8C439 /* NetworkingTests */ = {
			isa = PBXNativeTarget;
			buildConfigurationList = C65EC3E824EAC11C00D8C439 /* Build configuration list for PBXNativeTarget "NetworkingTests" */;
			buildPhases = (
				C65EC3D124EAC11C00D8C439 /* Sources */,
				C65EC3D224EAC11C00D8C439 /* Frameworks */,
				C65EC3D324EAC11C00D8C439 /* Resources */,
			);
			buildRules = (
			);
			dependencies = (
				C65EC3D824EAC11C00D8C439 /* PBXTargetDependency */,
				C65EC3DA24EAC11C00D8C439 /* PBXTargetDependency */,
			);
			name = NetworkingTests;
			productName = NetworkingTests;
			productReference = C65EC3D524EAC11C00D8C439 /* NetworkingTests.xctest */;
			productType = "com.apple.product-type.bundle.unit-test";
		};
		C65EC41524EAC41D00D8C439 /* Coordinators */ = {
			isa = PBXNativeTarget;
			buildConfigurationList = C65EC41F24EAC41D00D8C439 /* Build configuration list for PBXNativeTarget "Coordinators" */;
			buildPhases = (
				C65EC41124EAC41D00D8C439 /* Headers */,
				C65EC41224EAC41D00D8C439 /* Sources */,
				C65EC41324EAC41D00D8C439 /* Frameworks */,
				C65EC41424EAC41D00D8C439 /* Resources */,
			);
			buildRules = (
			);
			dependencies = (
			);
			name = Coordinators;
			productName = Coordinators;
			productReference = C65EC41624EAC41D00D8C439 /* Coordinators.framework */;
			productType = "com.apple.product-type.framework";
		};
/* End PBXNativeTarget section */

/* Begin PBXProject section */
		C65EC39B24EABDAB00D8C439 /* Project object */ = {
			isa = PBXProject;
			attributes = {
				LastSwiftUpdateCheck = 1130;
				LastUpgradeCheck = 1130;
				ORGANIZATIONNAME = Bartosz.Wolinski;
				TargetAttributes = {
					C65EC3A224EABDAB00D8C439 = {
						CreatedOnToolsVersion = 11.3;
					};
					C65EC3B824EABDB100D8C439 = {
						CreatedOnToolsVersion = 11.3;
						TestTargetID = C65EC3A224EABDAB00D8C439;
					};
					C65EC3CC24EAC11C00D8C439 = {
						CreatedOnToolsVersion = 11.3;
					};
					C65EC3D424EAC11C00D8C439 = {
						CreatedOnToolsVersion = 11.3;
						TestTargetID = C65EC3A224EABDAB00D8C439;
					};
					C65EC41524EAC41D00D8C439 = {
						CreatedOnToolsVersion = 11.3;
						LastSwiftMigration = 1130;
					};
				};
			};
			buildConfigurationList = C65EC39E24EABDAB00D8C439 /* Build configuration list for PBXProject "HSBCCities" */;
			compatibilityVersion = "Xcode 9.3";
			developmentRegion = en;
			hasScannedForEncodings = 0;
			knownRegions = (
				en,
				Base,
			);
			mainGroup = C65EC39A24EABDAB00D8C439;
			productRefGroup = C65EC3A424EABDAB00D8C439 /* Products */;
			projectDirPath = "";
			projectRoot = "";
			targets = (
				C65EC3A224EABDAB00D8C439 /* HSBCCities */,
				C65EC3B824EABDB100D8C439 /* HSBCCitiesTests */,
				C65EC3CC24EAC11C00D8C439 /* Networking */,
				C65EC3D424EAC11C00D8C439 /* NetworkingTests */,
				C65EC41524EAC41D00D8C439 /* Coordinators */,
			);
		};
/* End PBXProject section */

/* Begin PBXResourcesBuildPhase section */
		C65EC3A124EABDAB00D8C439 /* Resources */ = {
			isa = PBXResourcesBuildPhase;
			buildActionMask = 2147483647;
			files = (
				C65EC3B024EABDB000D8C439 /* Assets.xcassets in Resources */,
				C65EC42D24EAC50F00D8C439 /* Default-568h@2x.png in Resources */,
			);
			runOnlyForDeploymentPostprocessing = 0;
		};
		C65EC3B724EABDB100D8C439 /* Resources */ = {
			isa = PBXResourcesBuildPhase;
			buildActionMask = 2147483647;
			files = (
			);
			runOnlyForDeploymentPostprocessing = 0;
		};
		C65EC3CB24EAC11C00D8C439 /* Resources */ = {
			isa = PBXResourcesBuildPhase;
			buildActionMask = 2147483647;
			files = (
			);
			runOnlyForDeploymentPostprocessing = 0;
		};
		C65EC3D324EAC11C00D8C439 /* Resources */ = {
			isa = PBXResourcesBuildPhase;
			buildActionMask = 2147483647;
			files = (
			);
			runOnlyForDeploymentPostprocessing = 0;
		};
		C65EC41424EAC41D00D8C439 /* Resources */ = {
			isa = PBXResourcesBuildPhase;
			buildActionMask = 2147483647;
			files = (
			);
			runOnlyForDeploymentPostprocessing = 0;
		};
/* End PBXResourcesBuildPhase section */

/* Begin PBXSourcesBuildPhase section */
		C65EC39F24EABDAB00D8C439 /* Sources */ = {
			isa = PBXSourcesBuildPhase;
			buildActionMask = 2147483647;
			files = (
				C65EC3AB24EABDAB00D8C439 /* ViewController.swift in Sources */,
				C65EC3A724EABDAB00D8C439 /* AppDelegate.swift in Sources */,
			);
			runOnlyForDeploymentPostprocessing = 0;
		};
		C65EC3B524EABDB100D8C439 /* Sources */ = {
			isa = PBXSourcesBuildPhase;
			buildActionMask = 2147483647;
			files = (
				C65EC3BE24EABDB100D8C439 /* HSBCCitiesTests.swift in Sources */,
			);
			runOnlyForDeploymentPostprocessing = 0;
		};
		C65EC3C924EAC11C00D8C439 /* Sources */ = {
			isa = PBXSourcesBuildPhase;
			buildActionMask = 2147483647;
			files = (
				C65EC40124EAC14B00D8C439 /* URLSessionProtocol.swift in Sources */,
				C65EC40424EAC14B00D8C439 /* URLSessionProvider.swift in Sources */,
				C65EC3FE24EAC14B00D8C439 /* Task.swift in Sources */,
				C65EC40324EAC14B00D8C439 /* URLSessionDataTaskProtocol.swift in Sources */,
				C65EC3FB24EAC14B00D8C439 /* ParametersEncoding.swift in Sources */,
				C65EC3FC24EAC14B00D8C439 /* NetworkResponse.swift in Sources */,
				C65EC40024EAC14B00D8C439 /* ServiceProtocol.swift in Sources */,
				C65EC3FD24EAC14B00D8C439 /* HTTPMethod.swift in Sources */,
				C65EC40224EAC14B00D8C439 /* ProviderProtocol.swift in Sources */,
				C65EC40624EAC14B00D8C439 /* URLRequestExtension.swift in Sources */,
				C65EC3FF24EAC14B00D8C439 /* NetworkError.swift in Sources */,
				C65EC40524EAC14B00D8C439 /* URLComponentsExtension.swift in Sources */,
			);
			runOnlyForDeploymentPostprocessing = 0;
		};
		C65EC3D124EAC11C00D8C439 /* Sources */ = {
			isa = PBXSourcesBuildPhase;
			buildActionMask = 2147483647;
			files = (
				C65EC40E24EAC30200D8C439 /* FakeService.swift in Sources */,
				C65EC40C24EAC30200D8C439 /* FakeURLSessionDataTask.swift in Sources */,
				C65EC40F24EAC30200D8C439 /* NetworkingTests.swift in Sources */,
				C65EC40D24EAC30200D8C439 /* FakeURLSession.swift in Sources */,
				C65EC41024EAC30200D8C439 /* MockCitiesResponse.swift in Sources */,
			);
			runOnlyForDeploymentPostprocessing = 0;
		};
		C65EC41224EAC41D00D8C439 /* Sources */ = {
			isa = PBXSourcesBuildPhase;
			buildActionMask = 2147483647;
			files = (
				C65EC42B24EAC44000D8C439 /* PresentationStyleEnum.swift in Sources */,
				C65EC42A24EAC44000D8C439 /* ParentCoordinator.swift in Sources */,
				C65EC42724EAC44000D8C439 /* CoordinatorProtocol.swift in Sources */,
				C65EC42924EAC44000D8C439 /* BaseCoordinator.swift in Sources */,
				C65EC42824EAC44000D8C439 /* BootstrapCoordinator.swift in Sources */,
			);
			runOnlyForDeploymentPostprocessing = 0;
		};
/* End PBXSourcesBuildPhase section */

/* Begin PBXTargetDependency section */
		C65EC3BB24EABDB100D8C439 /* PBXTargetDependency */ = {
			isa = PBXTargetDependency;
			target = C65EC3A224EABDAB00D8C439 /* HSBCCities */;
			targetProxy = C65EC3BA24EABDB100D8C439 /* PBXContainerItemProxy */;
		};
		C65EC3D824EAC11C00D8C439 /* PBXTargetDependency */ = {
			isa = PBXTargetDependency;
			target = C65EC3CC24EAC11C00D8C439 /* Networking */;
			targetProxy = C65EC3D724EAC11C00D8C439 /* PBXContainerItemProxy */;
		};
		C65EC3DA24EAC11C00D8C439 /* PBXTargetDependency */ = {
			isa = PBXTargetDependency;
			target = C65EC3A224EABDAB00D8C439 /* HSBCCities */;
			targetProxy = C65EC3D924EAC11C00D8C439 /* PBXContainerItemProxy */;
		};
		C65EC3E124EAC11C00D8C439 /* PBXTargetDependency */ = {
			isa = PBXTargetDependency;
			target = C65EC3CC24EAC11C00D8C439 /* Networking */;
			targetProxy = C65EC3E024EAC11C00D8C439 /* PBXContainerItemProxy */;
		};
		C65EC41C24EAC41D00D8C439 /* PBXTargetDependency */ = {
			isa = PBXTargetDependency;
			target = C65EC41524EAC41D00D8C439 /* Coordinators */;
			targetProxy = C65EC41B24EAC41D00D8C439 /* PBXContainerItemProxy */;
		};
/* End PBXTargetDependency section */

/* Begin XCBuildConfiguration section */
		C65EC3C024EABDB100D8C439 /* Debug */ = {
			isa = XCBuildConfiguration;
			buildSettings = {
				ALWAYS_SEARCH_USER_PATHS = NO;
				CLANG_ANALYZER_NONNULL = YES;
				CLANG_ANALYZER_NUMBER_OBJECT_CONVERSION = YES_AGGRESSIVE;
				CLANG_CXX_LANGUAGE_STANDARD = "gnu++14";
				CLANG_CXX_LIBRARY = "libc++";
				CLANG_ENABLE_MODULES = YES;
				CLANG_ENABLE_OBJC_ARC = YES;
				CLANG_ENABLE_OBJC_WEAK = YES;
				CLANG_WARN_BLOCK_CAPTURE_AUTORELEASING = YES;
				CLANG_WARN_BOOL_CONVERSION = YES;
				CLANG_WARN_COMMA = YES;
				CLANG_WARN_CONSTANT_CONVERSION = YES;
				CLANG_WARN_DEPRECATED_OBJC_IMPLEMENTATIONS = YES;
				CLANG_WARN_DIRECT_OBJC_ISA_USAGE = YES_ERROR;
				CLANG_WARN_DOCUMENTATION_COMMENTS = YES;
				CLANG_WARN_EMPTY_BODY = YES;
				CLANG_WARN_ENUM_CONVERSION = YES;
				CLANG_WARN_INFINITE_RECURSION = YES;
				CLANG_WARN_INT_CONVERSION = YES;
				CLANG_WARN_NON_LITERAL_NULL_CONVERSION = YES;
				CLANG_WARN_OBJC_IMPLICIT_RETAIN_SELF = YES;
				CLANG_WARN_OBJC_LITERAL_CONVERSION = YES;
				CLANG_WARN_OBJC_ROOT_CLASS = YES_ERROR;
				CLANG_WARN_RANGE_LOOP_ANALYSIS = YES;
				CLANG_WARN_STRICT_PROTOTYPES = YES;
				CLANG_WARN_SUSPICIOUS_MOVE = YES;
				CLANG_WARN_UNGUARDED_AVAILABILITY = YES_AGGRESSIVE;
				CLANG_WARN_UNREACHABLE_CODE = YES;
				CLANG_WARN__DUPLICATE_METHOD_MATCH = YES;
				COPY_PHASE_STRIP = NO;
				DEBUG_INFORMATION_FORMAT = dwarf;
				ENABLE_STRICT_OBJC_MSGSEND = YES;
				ENABLE_TESTABILITY = YES;
				GCC_C_LANGUAGE_STANDARD = gnu11;
				GCC_DYNAMIC_NO_PIC = NO;
				GCC_NO_COMMON_BLOCKS = YES;
				GCC_OPTIMIZATION_LEVEL = 0;
				GCC_PREPROCESSOR_DEFINITIONS = (
					"DEBUG=1",
					"$(inherited)",
				);
				GCC_WARN_64_TO_32_BIT_CONVERSION = YES;
				GCC_WARN_ABOUT_RETURN_TYPE = YES_ERROR;
				GCC_WARN_UNDECLARED_SELECTOR = YES;
				GCC_WARN_UNINITIALIZED_AUTOS = YES_AGGRESSIVE;
				GCC_WARN_UNUSED_FUNCTION = YES;
				GCC_WARN_UNUSED_VARIABLE = YES;
				IPHONEOS_DEPLOYMENT_TARGET = 13.2;
				MTL_ENABLE_DEBUG_INFO = INCLUDE_SOURCE;
				MTL_FAST_MATH = YES;
				ONLY_ACTIVE_ARCH = YES;
				SDKROOT = iphoneos;
				SWIFT_ACTIVE_COMPILATION_CONDITIONS = DEBUG;
				SWIFT_OPTIMIZATION_LEVEL = "-Onone";
			};
			name = Debug;
		};
		C65EC3C124EABDB100D8C439 /* Release */ = {
			isa = XCBuildConfiguration;
			buildSettings = {
				ALWAYS_SEARCH_USER_PATHS = NO;
				CLANG_ANALYZER_NONNULL = YES;
				CLANG_ANALYZER_NUMBER_OBJECT_CONVERSION = YES_AGGRESSIVE;
				CLANG_CXX_LANGUAGE_STANDARD = "gnu++14";
				CLANG_CXX_LIBRARY = "libc++";
				CLANG_ENABLE_MODULES = YES;
				CLANG_ENABLE_OBJC_ARC = YES;
				CLANG_ENABLE_OBJC_WEAK = YES;
				CLANG_WARN_BLOCK_CAPTURE_AUTORELEASING = YES;
				CLANG_WARN_BOOL_CONVERSION = YES;
				CLANG_WARN_COMMA = YES;
				CLANG_WARN_CONSTANT_CONVERSION = YES;
				CLANG_WARN_DEPRECATED_OBJC_IMPLEMENTATIONS = YES;
				CLANG_WARN_DIRECT_OBJC_ISA_USAGE = YES_ERROR;
				CLANG_WARN_DOCUMENTATION_COMMENTS = YES;
				CLANG_WARN_EMPTY_BODY = YES;
				CLANG_WARN_ENUM_CONVERSION = YES;
				CLANG_WARN_INFINITE_RECURSION = YES;
				CLANG_WARN_INT_CONVERSION = YES;
				CLANG_WARN_NON_LITERAL_NULL_CONVERSION = YES;
				CLANG_WARN_OBJC_IMPLICIT_RETAIN_SELF = YES;
				CLANG_WARN_OBJC_LITERAL_CONVERSION = YES;
				CLANG_WARN_OBJC_ROOT_CLASS = YES_ERROR;
				CLANG_WARN_RANGE_LOOP_ANALYSIS = YES;
				CLANG_WARN_STRICT_PROTOTYPES = YES;
				CLANG_WARN_SUSPICIOUS_MOVE = YES;
				CLANG_WARN_UNGUARDED_AVAILABILITY = YES_AGGRESSIVE;
				CLANG_WARN_UNREACHABLE_CODE = YES;
				CLANG_WARN__DUPLICATE_METHOD_MATCH = YES;
				COPY_PHASE_STRIP = NO;
				DEBUG_INFORMATION_FORMAT = "dwarf-with-dsym";
				ENABLE_NS_ASSERTIONS = NO;
				ENABLE_STRICT_OBJC_MSGSEND = YES;
				GCC_C_LANGUAGE_STANDARD = gnu11;
				GCC_NO_COMMON_BLOCKS = YES;
				GCC_WARN_64_TO_32_BIT_CONVERSION = YES;
				GCC_WARN_ABOUT_RETURN_TYPE = YES_ERROR;
				GCC_WARN_UNDECLARED_SELECTOR = YES;
				GCC_WARN_UNINITIALIZED_AUTOS = YES_AGGRESSIVE;
				GCC_WARN_UNUSED_FUNCTION = YES;
				GCC_WARN_UNUSED_VARIABLE = YES;
				IPHONEOS_DEPLOYMENT_TARGET = 13.2;
				MTL_ENABLE_DEBUG_INFO = NO;
				MTL_FAST_MATH = YES;
				SDKROOT = iphoneos;
				SWIFT_COMPILATION_MODE = wholemodule;
				SWIFT_OPTIMIZATION_LEVEL = "-O";
				VALIDATE_PRODUCT = YES;
			};
			name = Release;
		};
		C65EC3C324EABDB100D8C439 /* Debug */ = {
			isa = XCBuildConfiguration;
			buildSettings = {
				ALWAYS_EMBED_SWIFT_STANDARD_LIBRARIES = YES;
				ASSETCATALOG_COMPILER_APPICON_NAME = AppIcon;
				CODE_SIGN_STYLE = Automatic;
				DEVELOPMENT_TEAM = DNVNQCZ59K;
				INFOPLIST_FILE = HSBCCities/Info.plist;
				IPHONEOS_DEPLOYMENT_TARGET = 12.0;
				LD_RUNPATH_SEARCH_PATHS = (
					"$(inherited)",
					"@executable_path/Frameworks",
				);
				PRODUCT_BUNDLE_IDENTIFIER = Bartosz.Wolinski.HSBCCities;
				PRODUCT_NAME = "$(TARGET_NAME)";
				SWIFT_VERSION = 5.0;
				TARGETED_DEVICE_FAMILY = 1;
			};
			name = Debug;
		};
		C65EC3C424EABDB100D8C439 /* Release */ = {
			isa = XCBuildConfiguration;
			buildSettings = {
				ALWAYS_EMBED_SWIFT_STANDARD_LIBRARIES = YES;
				ASSETCATALOG_COMPILER_APPICON_NAME = AppIcon;
				CODE_SIGN_STYLE = Automatic;
				DEVELOPMENT_TEAM = DNVNQCZ59K;
				INFOPLIST_FILE = HSBCCities/Info.plist;
				IPHONEOS_DEPLOYMENT_TARGET = 12.0;
				LD_RUNPATH_SEARCH_PATHS = (
					"$(inherited)",
					"@executable_path/Frameworks",
				);
				PRODUCT_BUNDLE_IDENTIFIER = Bartosz.Wolinski.HSBCCities;
				PRODUCT_NAME = "$(TARGET_NAME)";
				SWIFT_VERSION = 5.0;
				TARGETED_DEVICE_FAMILY = 1;
			};
			name = Release;
		};
		C65EC3C624EABDB100D8C439 /* Debug */ = {
			isa = XCBuildConfiguration;
			buildSettings = {
				ALWAYS_EMBED_SWIFT_STANDARD_LIBRARIES = YES;
				BUNDLE_LOADER = "$(TEST_HOST)";
				CODE_SIGN_STYLE = Automatic;
				DEVELOPMENT_TEAM = DNVNQCZ59K;
				INFOPLIST_FILE = HSBCCitiesTests/Info.plist;
				IPHONEOS_DEPLOYMENT_TARGET = 13.2;
				LD_RUNPATH_SEARCH_PATHS = (
					"$(inherited)",
					"@executable_path/Frameworks",
					"@loader_path/Frameworks",
				);
				PRODUCT_BUNDLE_IDENTIFIER = Bartosz.Wolinski.HSBCCitiesTests;
				PRODUCT_NAME = "$(TARGET_NAME)";
				SWIFT_VERSION = 5.0;
				TARGETED_DEVICE_FAMILY = "1,2";
				TEST_HOST = "$(BUILT_PRODUCTS_DIR)/HSBCCities.app/HSBCCities";
			};
			name = Debug;
		};
		C65EC3C724EABDB100D8C439 /* Release */ = {
			isa = XCBuildConfiguration;
			buildSettings = {
				ALWAYS_EMBED_SWIFT_STANDARD_LIBRARIES = YES;
				BUNDLE_LOADER = "$(TEST_HOST)";
				CODE_SIGN_STYLE = Automatic;
				DEVELOPMENT_TEAM = DNVNQCZ59K;
				INFOPLIST_FILE = HSBCCitiesTests/Info.plist;
				IPHONEOS_DEPLOYMENT_TARGET = 13.2;
				LD_RUNPATH_SEARCH_PATHS = (
					"$(inherited)",
					"@executable_path/Frameworks",
					"@loader_path/Frameworks",
				);
				PRODUCT_BUNDLE_IDENTIFIER = Bartosz.Wolinski.HSBCCitiesTests;
				PRODUCT_NAME = "$(TARGET_NAME)";
				SWIFT_VERSION = 5.0;
				TARGETED_DEVICE_FAMILY = "1,2";
				TEST_HOST = "$(BUILT_PRODUCTS_DIR)/HSBCCities.app/HSBCCities";
			};
			name = Release;
		};
		C65EC3E524EAC11C00D8C439 /* Debug */ = {
			isa = XCBuildConfiguration;
			buildSettings = {
				CODE_SIGN_STYLE = Automatic;
				CURRENT_PROJECT_VERSION = 1;
				DEFINES_MODULE = YES;
				DEVELOPMENT_TEAM = DNVNQCZ59K;
				DYLIB_COMPATIBILITY_VERSION = 1;
				DYLIB_CURRENT_VERSION = 1;
				DYLIB_INSTALL_NAME_BASE = "@rpath";
				INFOPLIST_FILE = Networking/Info.plist;
				INSTALL_PATH = "$(LOCAL_LIBRARY_DIR)/Frameworks";
				IPHONEOS_DEPLOYMENT_TARGET = 12.0;
				LD_RUNPATH_SEARCH_PATHS = (
					"$(inherited)",
					"@executable_path/Frameworks",
					"@loader_path/Frameworks",
				);
				PRODUCT_BUNDLE_IDENTIFIER = Bartosz.Wolinski.Networking;
				PRODUCT_NAME = "$(TARGET_NAME:c99extidentifier)";
				SKIP_INSTALL = YES;
				SWIFT_VERSION = 5.0;
				TARGETED_DEVICE_FAMILY = "1,2";
				VERSIONING_SYSTEM = "apple-generic";
				VERSION_INFO_PREFIX = "";
			};
			name = Debug;
		};
		C65EC3E624EAC11C00D8C439 /* Release */ = {
			isa = XCBuildConfiguration;
			buildSettings = {
				CODE_SIGN_STYLE = Automatic;
				CURRENT_PROJECT_VERSION = 1;
				DEFINES_MODULE = YES;
				DEVELOPMENT_TEAM = DNVNQCZ59K;
				DYLIB_COMPATIBILITY_VERSION = 1;
				DYLIB_CURRENT_VERSION = 1;
				DYLIB_INSTALL_NAME_BASE = "@rpath";
				INFOPLIST_FILE = Networking/Info.plist;
				INSTALL_PATH = "$(LOCAL_LIBRARY_DIR)/Frameworks";
				IPHONEOS_DEPLOYMENT_TARGET = 12.0;
				LD_RUNPATH_SEARCH_PATHS = (
					"$(inherited)",
					"@executable_path/Frameworks",
					"@loader_path/Frameworks",
				);
				PRODUCT_BUNDLE_IDENTIFIER = Bartosz.Wolinski.Networking;
				PRODUCT_NAME = "$(TARGET_NAME:c99extidentifier)";
				SKIP_INSTALL = YES;
				SWIFT_VERSION = 5.0;
				TARGETED_DEVICE_FAMILY = "1,2";
				VERSIONING_SYSTEM = "apple-generic";
				VERSION_INFO_PREFIX = "";
			};
			name = Release;
		};
		C65EC3E924EAC11C00D8C439 /* Debug */ = {
			isa = XCBuildConfiguration;
			buildSettings = {
				ALWAYS_EMBED_SWIFT_STANDARD_LIBRARIES = YES;
				CODE_SIGN_STYLE = Automatic;
				DEVELOPMENT_TEAM = DNVNQCZ59K;
				INFOPLIST_FILE = NetworkingTests/Info.plist;
				LD_RUNPATH_SEARCH_PATHS = (
					"$(inherited)",
					"@executable_path/Frameworks",
					"@loader_path/Frameworks",
				);
				PRODUCT_BUNDLE_IDENTIFIER = Bartosz.Wolinski.NetworkingTests;
				PRODUCT_NAME = "$(TARGET_NAME)";
				SWIFT_VERSION = 5.0;
				TARGETED_DEVICE_FAMILY = "1,2";
				TEST_HOST = "$(BUILT_PRODUCTS_DIR)/HSBCCities.app/HSBCCities";
			};
			name = Debug;
		};
		C65EC3EA24EAC11C00D8C439 /* Release */ = {
			isa = XCBuildConfiguration;
			buildSettings = {
				ALWAYS_EMBED_SWIFT_STANDARD_LIBRARIES = YES;
				CODE_SIGN_STYLE = Automatic;
				DEVELOPMENT_TEAM = DNVNQCZ59K;
				INFOPLIST_FILE = NetworkingTests/Info.plist;
				LD_RUNPATH_SEARCH_PATHS = (
					"$(inherited)",
					"@executable_path/Frameworks",
					"@loader_path/Frameworks",
				);
				PRODUCT_BUNDLE_IDENTIFIER = Bartosz.Wolinski.NetworkingTests;
				PRODUCT_NAME = "$(TARGET_NAME)";
				SWIFT_VERSION = 5.0;
				TARGETED_DEVICE_FAMILY = "1,2";
				TEST_HOST = "$(BUILT_PRODUCTS_DIR)/HSBCCities.app/HSBCCities";
			};
			name = Release;
		};
		C65EC42024EAC41D00D8C439 /* Debug */ = {
			isa = XCBuildConfiguration;
			buildSettings = {
				CLANG_ENABLE_MODULES = YES;
				CODE_SIGN_STYLE = Automatic;
				CURRENT_PROJECT_VERSION = 1;
				DEFINES_MODULE = YES;
				DEVELOPMENT_TEAM = DNVNQCZ59K;
				DYLIB_COMPATIBILITY_VERSION = 1;
				DYLIB_CURRENT_VERSION = 1;
				DYLIB_INSTALL_NAME_BASE = "@rpath";
				INFOPLIST_FILE = Coordinators/Info.plist;
				INSTALL_PATH = "$(LOCAL_LIBRARY_DIR)/Frameworks";
				IPHONEOS_DEPLOYMENT_TARGET = 12.0;
				LD_RUNPATH_SEARCH_PATHS = (
					"$(inherited)",
					"@executable_path/Frameworks",
					"@loader_path/Frameworks",
				);
				PRODUCT_BUNDLE_IDENTIFIER = Bartosz.Wolinski.Coordinators;
				PRODUCT_NAME = "$(TARGET_NAME:c99extidentifier)";
				SKIP_INSTALL = YES;
				SWIFT_OPTIMIZATION_LEVEL = "-Onone";
				SWIFT_VERSION = 5.0;
				TARGETED_DEVICE_FAMILY = "1,2";
				VERSIONING_SYSTEM = "apple-generic";
				VERSION_INFO_PREFIX = "";
			};
			name = Debug;
		};
		C65EC42124EAC41D00D8C439 /* Release */ = {
			isa = XCBuildConfiguration;
			buildSettings = {
				CLANG_ENABLE_MODULES = YES;
				CODE_SIGN_STYLE = Automatic;
				CURRENT_PROJECT_VERSION = 1;
				DEFINES_MODULE = YES;
				DEVELOPMENT_TEAM = DNVNQCZ59K;
				DYLIB_COMPATIBILITY_VERSION = 1;
				DYLIB_CURRENT_VERSION = 1;
				DYLIB_INSTALL_NAME_BASE = "@rpath";
				INFOPLIST_FILE = Coordinators/Info.plist;
				INSTALL_PATH = "$(LOCAL_LIBRARY_DIR)/Frameworks";
				IPHONEOS_DEPLOYMENT_TARGET = 12.0;
				LD_RUNPATH_SEARCH_PATHS = (
					"$(inherited)",
					"@executable_path/Frameworks",
					"@loader_path/Frameworks",
				);
				PRODUCT_BUNDLE_IDENTIFIER = Bartosz.Wolinski.Coordinators;
				PRODUCT_NAME = "$(TARGET_NAME:c99extidentifier)";
				SKIP_INSTALL = YES;
				SWIFT_VERSION = 5.0;
				TARGETED_DEVICE_FAMILY = "1,2";
				VERSIONING_SYSTEM = "apple-generic";
				VERSION_INFO_PREFIX = "";
			};
			name = Release;
		};
/* End XCBuildConfiguration section */

/* Begin XCConfigurationList section */
		C65EC39E24EABDAB00D8C439 /* Build configuration list for PBXProject "HSBCCities" */ = {
			isa = XCConfigurationList;
			buildConfigurations = (
				C65EC3C024EABDB100D8C439 /* Debug */,
				C65EC3C124EABDB100D8C439 /* Release */,
			);
			defaultConfigurationIsVisible = 0;
			defaultConfigurationName = Release;
		};
		C65EC3C224EABDB100D8C439 /* Build configuration list for PBXNativeTarget "HSBCCities" */ = {
			isa = XCConfigurationList;
			buildConfigurations = (
				C65EC3C324EABDB100D8C439 /* Debug */,
				C65EC3C424EABDB100D8C439 /* Release */,
			);
			defaultConfigurationIsVisible = 0;
			defaultConfigurationName = Release;
		};
		C65EC3C524EABDB100D8C439 /* Build configuration list for PBXNativeTarget "HSBCCitiesTests" */ = {
			isa = XCConfigurationList;
			buildConfigurations = (
				C65EC3C624EABDB100D8C439 /* Debug */,
				C65EC3C724EABDB100D8C439 /* Release */,
			);
			defaultConfigurationIsVisible = 0;
			defaultConfigurationName = Release;
		};
		C65EC3E424EAC11C00D8C439 /* Build configuration list for PBXNativeTarget "Networking" */ = {
			isa = XCConfigurationList;
			buildConfigurations = (
				C65EC3E524EAC11C00D8C439 /* Debug */,
				C65EC3E624EAC11C00D8C439 /* Release */,
			);
			defaultConfigurationIsVisible = 0;
			defaultConfigurationName = Release;
		};
		C65EC3E824EAC11C00D8C439 /* Build configuration list for PBXNativeTarget "NetworkingTests" */ = {
			isa = XCConfigurationList;
			buildConfigurations = (
				C65EC3E924EAC11C00D8C439 /* Debug */,
				C65EC3EA24EAC11C00D8C439 /* Release */,
			);
			defaultConfigurationIsVisible = 0;
			defaultConfigurationName = Release;
		};
		C65EC41F24EAC41D00D8C439 /* Build configuration list for PBXNativeTarget "Coordinators" */ = {
			isa = XCConfigurationList;
			buildConfigurations = (
				C65EC42024EAC41D00D8C439 /* Debug */,
				C65EC42124EAC41D00D8C439 /* Release */,
			);
			defaultConfigurationIsVisible = 0;
			defaultConfigurationName = Release;
		};
/* End XCConfigurationList section */
	};
	rootObject = C65EC39B24EABDAB00D8C439 /* Project object */;
}
